
Microsoft Visual Studio Solution File, Format Version 12.00
# Visual Studio 15
VisualStudioVersion = 15.0.28307.2017
MinimumVisualStudioVersion = 10.0.40219.1
Project("{FAE04EC0-301F-11D3-BF4B-00C04F79EFBC}") = "testStock", "testStock\testStock.csproj", "{39F7E28F-8777-4C59-9C2D-EDCEAAC3E3E2}"
EndProject
Project("{FAE04EC0-301F-11D3-BF4B-00C04F79EFBC}") = "XlShablon", "..\XlShablon\XlShablon.csproj", "{C66EC511-1F32-4CB1-8B0C-3E115E762CA8}"
EndProject
Global
	GlobalSection(SolutionConfigurationPlatforms) = preSolution
		Debug|Any CPU = Debug|Any CPU
		Release|Any CPU = Release|Any CPU
	EndGlobalSection
	GlobalSection(ProjectConfigurationPlatforms) = postSolution
		{39F7E28F-8777-4C59-9C2D-EDCEAAC3E3E2}.Debug|Any CPU.ActiveCfg = Debug|Any CPU
		{39F7E28F-8777-4C59-9C2D-EDCEAAC3E3E2}.Debug|Any CPU.Build.0 = Debug|Any CPU
		{39F7E28F-8777-4C59-9C2D-EDCEAAC3E3E2}.Release|Any CPU.ActiveCfg = Release|Any CPU
		{39F7E28F-8777-4C59-9C2D-EDCEAAC3E3E2}.Release|Any CPU.Build.0 = Release|Any CPU
		{C66EC511-1F32-4CB1-8B0C-3E115E762CA8}.Debug|Any CPU.ActiveCfg = Debug|Any CPU
		{C66EC511-1F32-4CB1-8B0C-3E115E762CA8}.Debug|Any CPU.Build.0 = Debug|Any CPU
		{C66EC511-1F32-4CB1-8B0C-3E115E762CA8}.Release|Any CPU.ActiveCfg = Release|Any CPU
		{C66EC511-1F32-4CB1-8B0C-3E115E762CA8}.Release|Any CPU.Build.0 = Release|Any CPU
	EndGlobalSection
	GlobalSection(SolutionProperties) = preSolution
		HideSolutionNode = FALSE
	EndGlobalSection
	GlobalSection(ExtensibilityGlobals) = postSolution
		SolutionGuid = {685E4853-208A-461D-8A12-5DB487204C6B}
	EndGlobalSection
EndGlobal
